
Microsoft Visual Studio Solution File, Format Version 12.00
# Visual Studio Version 17
VisualStudioVersion = 17.10.35122.118
MinimumVisualStudioVersion = 10.0.40219.1
Project("{2150E333-8FDC-42A3-9474-1A3956D46DE8}") = "Core", "Core", "{CE49F13F-4B71-4FEA-89BB-DCE33ADCD075}"
EndProject
Project("{2150E333-8FDC-42A3-9474-1A3956D46DE8}") = "Infrastructure", "Infrastructure", "{02F9AC37-B707-44B3-B4DF-E8684E15CEC4}"
EndProject
Project("{2150E333-8FDC-42A3-9474-1A3956D46DE8}") = "Presentation", "Presentation", "{052EDC75-7B11-4EC6-85BC-513A5548476B}"
EndProject
Project("{9A19103F-16F7-4668-BE54-9A1E7A4F7556}") = "FarmManagement.Domain", "FarmManagement.Domain\FarmManagement.Domain.csproj", "{CE5A6A8B-19BE-467B-9A2B-56DA50D66B96}"
EndProject
Project("{9A19103F-16F7-4668-BE54-9A1E7A4F7556}") = "FarmManagement.Application", "FarmManagement.Application\FarmManagement.Application.csproj", "{7850FD89-1209-4405-9653-30A407E173C6}"
EndProject
Project("{9A19103F-16F7-4668-BE54-9A1E7A4F7556}") = "FarmManagement.Infrastructure", "FarmManagement.Infrastructure\FarmManagement.Infrastructure.csproj", "{C7F4022F-7462-4FAA-B829-7B89D8D856C8}"
EndProject
Project("{9A19103F-16F7-4668-BE54-9A1E7A4F7556}") = "FarmManagement.API", "FarmManagement.API\FarmManagement.API.csproj", "{4E3165AD-AE73-4254-82E3-94B3524C7CE5}"
EndProject
Project("{9A19103F-16F7-4668-BE54-9A1E7A4F7556}") = "FarmManagement.Web", "FarmManagement.Web\FarmManagement.Web.csproj", "{85BB397D-388C-4D44-B4C4-8EAC26D8BE46}"
EndProject
Global
	GlobalSection(SolutionConfigurationPlatforms) = preSolution
		Debug|Any CPU = Debug|Any CPU
		Release|Any CPU = Release|Any CPU
	EndGlobalSection
	GlobalSection(ProjectConfigurationPlatforms) = postSolution
		{CE5A6A8B-19BE-467B-9A2B-56DA50D66B96}.Debug|Any CPU.ActiveCfg = Debug|Any CPU
		{CE5A6A8B-19BE-467B-9A2B-56DA50D66B96}.Debug|Any CPU.Build.0 = Debug|Any CPU
		{CE5A6A8B-19BE-467B-9A2B-56DA50D66B96}.Release|Any CPU.ActiveCfg = Release|Any CPU
		{CE5A6A8B-19BE-467B-9A2B-56DA50D66B96}.Release|Any CPU.Build.0 = Release|Any CPU
		{7850FD89-1209-4405-9653-30A407E173C6}.Debug|Any CPU.ActiveCfg = Debug|Any CPU
		{7850FD89-1209-4405-9653-30A407E173C6}.Debug|Any CPU.Build.0 = Debug|Any CPU
		{7850FD89-1209-4405-9653-30A407E173C6}.Release|Any CPU.ActiveCfg = Release|Any CPU
		{7850FD89-1209-4405-9653-30A407E173C6}.Release|Any CPU.Build.0 = Release|Any CPU
		{C7F4022F-7462-4FAA-B829-7B89D8D856C8}.Debug|Any CPU.ActiveCfg = Debug|Any CPU
		{C7F4022F-7462-4FAA-B829-7B89D8D856C8}.Debug|Any CPU.Build.0 = Debug|Any CPU
		{C7F4022F-7462-4FAA-B829-7B89D8D856C8}.Release|Any CPU.ActiveCfg = Release|Any CPU
		{C7F4022F-7462-4FAA-B829-7B89D8D856C8}.Release|Any CPU.Build.0 = Release|Any CPU
		{4E3165AD-AE73-4254-82E3-94B3524C7CE5}.Debug|Any CPU.ActiveCfg = Debug|Any CPU
		{4E3165AD-AE73-4254-82E3-94B3524C7CE5}.Debug|Any CPU.Build.0 = Debug|Any CPU
		{4E3165AD-AE73-4254-82E3-94B3524C7CE5}.Release|Any CPU.ActiveCfg = Release|Any CPU
		{4E3165AD-AE73-4254-82E3-94B3524C7CE5}.Release|Any CPU.Build.0 = Release|Any CPU
		{85BB397D-388C-4D44-B4C4-8EAC26D8BE46}.Debug|Any CPU.ActiveCfg = Debug|Any CPU
		{85BB397D-388C-4D44-B4C4-8EAC26D8BE46}.Debug|Any CPU.Build.0 = Debug|Any CPU
		{85BB397D-388C-4D44-B4C4-8EAC26D8BE46}.Release|Any CPU.ActiveCfg = Release|Any CPU
		{85BB397D-388C-4D44-B4C4-8EAC26D8BE46}.Release|Any CPU.Build.0 = Release|Any CPU
	EndGlobalSection
	GlobalSection(SolutionProperties) = preSolution
		HideSolutionNode = FALSE
	EndGlobalSection
	GlobalSection(NestedProjects) = preSolution
		{CE5A6A8B-19BE-467B-9A2B-56DA50D66B96} = {CE49F13F-4B71-4FEA-89BB-DCE33ADCD075}
		{7850FD89-1209-4405-9653-30A407E173C6} = {CE49F13F-4B71-4FEA-89BB-DCE33ADCD075}
		{C7F4022F-7462-4FAA-B829-7B89D8D856C8} = {02F9AC37-B707-44B3-B4DF-E8684E15CEC4}
		{4E3165AD-AE73-4254-82E3-94B3524C7CE5} = {052EDC75-7B11-4EC6-85BC-513A5548476B}
		{85BB397D-388C-4D44-B4C4-8EAC26D8BE46} = {052EDC75-7B11-4EC6-85BC-513A5548476B}
	EndGlobalSection
	GlobalSection(ExtensibilityGlobals) = postSolution
		SolutionGuid = {4CDB347A-A07A-455F-B51B-604C5602E11C}
	EndGlobalSection
EndGlobal
